
Microsoft Visual Studio Solution File, Format Version 12.00
# Visual Studio 15
VisualStudioVersion = 15.0.26430.4
MinimumVisualStudioVersion = 10.0.40219.1
Project("{FAE04EC0-301F-11D3-BF4B-00C04F79EFBC}") = "Terrain Scanner Automation", "Terrain Scanner Automation\Terrain Scanner Automation.csproj", "{397C534C-E923-4CCD-8E0B-EF2482EB321A}"
EndProject
Global
	GlobalSection(SolutionConfigurationPlatforms) = preSolution
		Debug|Any CPU = Debug|Any CPU
		Release|Any CPU = Release|Any CPU
	EndGlobalSection
	GlobalSection(ProjectConfigurationPlatforms) = postSolution
		{397C534C-E923-4CCD-8E0B-EF2482EB321A}.Debug|Any CPU.ActiveCfg = Debug|Any CPU
		{397C534C-E923-4CCD-8E0B-EF2482EB321A}.Debug|Any CPU.Build.0 = Debug|Any CPU
		{397C534C-E923-4CCD-8E0B-EF2482EB321A}.Release|Any CPU.ActiveCfg = Release|Any CPU
		{397C534C-E923-4CCD-8E0B-EF2482EB321A}.Release|Any CPU.Build.0 = Release|Any CPU
	EndGlobalSection
	GlobalSection(SolutionProperties) = preSolution
		HideSolutionNode = FALSE
	EndGlobalSection
EndGlobal
